
Microsoft Visual Studio Solution File, Format Version 12.00
# Visual Studio 15
VisualStudioVersion = 15.0.27130.2020
MinimumVisualStudioVersion = 10.0.40219.1
Project("{FAE04EC0-301F-11D3-BF4B-00C04F79EFBC}") = "Presentation", "Presentation\Presentation.csproj", "{30BBDDC2-B137-4DC6-AF7A-A74EB6D58D7B}"
EndProject
Project("{FAE04EC0-301F-11D3-BF4B-00C04F79EFBC}") = "DAL", "DAL\DAL.csproj", "{842AFF0B-C008-459D-87E1-80894D3384D6}"
EndProject
Project("{FAE04EC0-301F-11D3-BF4B-00C04F79EFBC}") = "BLL", "BLL\BLL.csproj", "{CBAF62C6-D5D2-4128-A0E9-44E7B30F5160}"
EndProject
Project("{FAE04EC0-301F-11D3-BF4B-00C04F79EFBC}") = "Entities", "Entities\Entities.csproj", "{C97AB709-529D-4B84-82C2-A7513709268A}"
EndProject
Project("{FAE04EC0-301F-11D3-BF4B-00C04F79EFBC}") = "WcfService_BLL", "WcfService_BLL\WcfService_BLL.csproj", "{DBDCFE6C-4F53-4F72-A543-C170F69BDFF0}"
EndProject
Global
	GlobalSection(SolutionConfigurationPlatforms) = preSolution
		Debug|Any CPU = Debug|Any CPU
		Release|Any CPU = Release|Any CPU
	EndGlobalSection
	GlobalSection(ProjectConfigurationPlatforms) = postSolution
		{30BBDDC2-B137-4DC6-AF7A-A74EB6D58D7B}.Debug|Any CPU.ActiveCfg = Debug|Any CPU
		{30BBDDC2-B137-4DC6-AF7A-A74EB6D58D7B}.Debug|Any CPU.Build.0 = Debug|Any CPU
		{30BBDDC2-B137-4DC6-AF7A-A74EB6D58D7B}.Release|Any CPU.ActiveCfg = Release|Any CPU
		{30BBDDC2-B137-4DC6-AF7A-A74EB6D58D7B}.Release|Any CPU.Build.0 = Release|Any CPU
		{842AFF0B-C008-459D-87E1-80894D3384D6}.Debug|Any CPU.ActiveCfg = Debug|Any CPU
		{842AFF0B-C008-459D-87E1-80894D3384D6}.Debug|Any CPU.Build.0 = Debug|Any CPU
		{842AFF0B-C008-459D-87E1-80894D3384D6}.Release|Any CPU.ActiveCfg = Release|Any CPU
		{842AFF0B-C008-459D-87E1-80894D3384D6}.Release|Any CPU.Build.0 = Release|Any CPU
		{CBAF62C6-D5D2-4128-A0E9-44E7B30F5160}.Debug|Any CPU.ActiveCfg = Debug|Any CPU
		{CBAF62C6-D5D2-4128-A0E9-44E7B30F5160}.Debug|Any CPU.Build.0 = Debug|Any CPU
		{CBAF62C6-D5D2-4128-A0E9-44E7B30F5160}.Release|Any CPU.ActiveCfg = Release|Any CPU
		{CBAF62C6-D5D2-4128-A0E9-44E7B30F5160}.Release|Any CPU.Build.0 = Release|Any CPU
		{C97AB709-529D-4B84-82C2-A7513709268A}.Debug|Any CPU.ActiveCfg = Debug|Any CPU
		{C97AB709-529D-4B84-82C2-A7513709268A}.Debug|Any CPU.Build.0 = Debug|Any CPU
		{C97AB709-529D-4B84-82C2-A7513709268A}.Release|Any CPU.ActiveCfg = Release|Any CPU
		{C97AB709-529D-4B84-82C2-A7513709268A}.Release|Any CPU.Build.0 = Release|Any CPU
		{DBDCFE6C-4F53-4F72-A543-C170F69BDFF0}.Debug|Any CPU.ActiveCfg = Debug|Any CPU
		{DBDCFE6C-4F53-4F72-A543-C170F69BDFF0}.Debug|Any CPU.Build.0 = Debug|Any CPU
		{DBDCFE6C-4F53-4F72-A543-C170F69BDFF0}.Release|Any CPU.ActiveCfg = Release|Any CPU
		{DBDCFE6C-4F53-4F72-A543-C170F69BDFF0}.Release|Any CPU.Build.0 = Release|Any CPU
	EndGlobalSection
	GlobalSection(SolutionProperties) = preSolution
		HideSolutionNode = FALSE
	EndGlobalSection
	GlobalSection(ExtensibilityGlobals) = postSolution
		SolutionGuid = {6ED34F85-4F58-4A0C-B6B1-92893D824FC3}
	EndGlobalSection
EndGlobal
